extract_labdoc_text_init:
  cmd: python -m spacy run extract_labdoc_text_init
  script:
    - python3 scripts/extract_labdoc_text_init.py root 11950022 localhost Labnbook
  deps: []
  outs:
    - path: tmp/labdocs_texts_init.json.gz
      md5: 09780df68dce030e19cdca7fd86ac72e
  spacy_version: 3.3.1
  spacy_git_version: 5fb597f77
extract_labdoc_text:
  cmd: python -m spacy run extract_labdoc_text
  script:
    - python3 scripts/extract_labdoc_text.py configs/regex_text.json
  deps: []
  outs:
    - path: tmp/missions_texts/
      md5: b7ce1b4cbdc34f7f280c4283550dfeae
  spacy_version: 3.3.1
  spacy_git_version: 5fb597f77

